
Microsoft Visual Studio Solution File, Format Version 12.00
# Visual Studio Version 17
VisualStudioVersion = 17.9.34728.123
MinimumVisualStudioVersion = 10.0.40219.1
Project("{9A19103F-16F7-4668-BE54-9A1E7A4F7556}") = "AzureVmManager.Services", "AzureVmManager.Services\AzureVmManager.Services.csproj", "{65F6C66A-A0FB-4723-B366-795BF1149C72}"
EndProject
Project("{9A19103F-16F7-4668-BE54-9A1E7A4F7556}") = "AzureVmManager.Services.Tests", "AzureVmManager.Services.Tests\AzureVmManager.Services.Tests.csproj", "{4E6BC0A3-BD4C-47A2-86A9-0CD42122A355}"
EndProject
Project("{9A19103F-16F7-4668-BE54-9A1E7A4F7556}") = "AzureVmManager.DataObjects", "AzureVmManager.DataObjects\AzureVmManager.DataObjects.csproj", "{A007C90D-DD40-49B2-BE8E-BAF6EFC3464F}"
EndProject
Project("{FAE04EC0-301F-11D3-BF4B-00C04F79EFBC}") = "AzureVmManager.WebApi", "AzureVmManager.WebApi\AzureVmManager.WebApi.csproj", "{39BFFF41-4882-427F-8332-CB207EE36BB0}"
EndProject
Project("{FAE04EC0-301F-11D3-BF4B-00C04F79EFBC}") = "AzureVmManager.WebApi.Tests", "AzureVmManager.WebApi.Tests\AzureVmManager.WebApi.Tests.csproj", "{47514D85-E88C-4993-AE9D-CEDDBC4B183F}"
EndProject
Global
	GlobalSection(SolutionConfigurationPlatforms) = preSolution
		Debug|Any CPU = Debug|Any CPU
		Release|Any CPU = Release|Any CPU
	EndGlobalSection
	GlobalSection(ProjectConfigurationPlatforms) = postSolution
		{65F6C66A-A0FB-4723-B366-795BF1149C72}.Debug|Any CPU.ActiveCfg = Debug|Any CPU
		{65F6C66A-A0FB-4723-B366-795BF1149C72}.Debug|Any CPU.Build.0 = Debug|Any CPU
		{65F6C66A-A0FB-4723-B366-795BF1149C72}.Release|Any CPU.ActiveCfg = Release|Any CPU
		{65F6C66A-A0FB-4723-B366-795BF1149C72}.Release|Any CPU.Build.0 = Release|Any CPU
		{4E6BC0A3-BD4C-47A2-86A9-0CD42122A355}.Debug|Any CPU.ActiveCfg = Debug|Any CPU
		{4E6BC0A3-BD4C-47A2-86A9-0CD42122A355}.Debug|Any CPU.Build.0 = Debug|Any CPU
		{4E6BC0A3-BD4C-47A2-86A9-0CD42122A355}.Release|Any CPU.ActiveCfg = Release|Any CPU
		{4E6BC0A3-BD4C-47A2-86A9-0CD42122A355}.Release|Any CPU.Build.0 = Release|Any CPU
		{A007C90D-DD40-49B2-BE8E-BAF6EFC3464F}.Debug|Any CPU.ActiveCfg = Debug|Any CPU
		{A007C90D-DD40-49B2-BE8E-BAF6EFC3464F}.Debug|Any CPU.Build.0 = Debug|Any CPU
		{A007C90D-DD40-49B2-BE8E-BAF6EFC3464F}.Release|Any CPU.ActiveCfg = Release|Any CPU
		{A007C90D-DD40-49B2-BE8E-BAF6EFC3464F}.Release|Any CPU.Build.0 = Release|Any CPU
		{39BFFF41-4882-427F-8332-CB207EE36BB0}.Debug|Any CPU.ActiveCfg = Debug|Any CPU
		{39BFFF41-4882-427F-8332-CB207EE36BB0}.Debug|Any CPU.Build.0 = Debug|Any CPU
		{39BFFF41-4882-427F-8332-CB207EE36BB0}.Release|Any CPU.ActiveCfg = Release|Any CPU
		{39BFFF41-4882-427F-8332-CB207EE36BB0}.Release|Any CPU.Build.0 = Release|Any CPU
		{47514D85-E88C-4993-AE9D-CEDDBC4B183F}.Debug|Any CPU.ActiveCfg = Debug|Any CPU
		{47514D85-E88C-4993-AE9D-CEDDBC4B183F}.Debug|Any CPU.Build.0 = Debug|Any CPU
		{47514D85-E88C-4993-AE9D-CEDDBC4B183F}.Release|Any CPU.ActiveCfg = Release|Any CPU
		{47514D85-E88C-4993-AE9D-CEDDBC4B183F}.Release|Any CPU.Build.0 = Release|Any CPU
	EndGlobalSection
	GlobalSection(SolutionProperties) = preSolution
		HideSolutionNode = FALSE
	EndGlobalSection
	GlobalSection(ExtensibilityGlobals) = postSolution
		SolutionGuid = {D8186412-4E86-4C8F-A34D-850824C3C09B}
	EndGlobalSection
EndGlobal
